
Microsoft Visual Studio Solution File, Format Version 12.00
# Visual Studio Version 16
VisualStudioVersion = 16.0.33027.164
MinimumVisualStudioVersion = 10.0.40219.1
Project("{FAE04EC0-301F-11D3-BF4B-00C04F79EFBC}") = "FindPrimeNumber", "FindPrimeNumber.csproj", "{FA7A3379-02DB-4EDB-89DF-E3386169784D}"
EndProject
Global
	GlobalSection(SolutionConfigurationPlatforms) = preSolution
		Debug|Any CPU = Debug|Any CPU
		Release|Any CPU = Release|Any CPU
	EndGlobalSection
	GlobalSection(ProjectConfigurationPlatforms) = postSolution
		{FA7A3379-02DB-4EDB-89DF-E3386169784D}.Debug|Any CPU.ActiveCfg = Debug|Any CPU
		{FA7A3379-02DB-4EDB-89DF-E3386169784D}.Debug|Any CPU.Build.0 = Debug|Any CPU
		{FA7A3379-02DB-4EDB-89DF-E3386169784D}.Release|Any CPU.ActiveCfg = Release|Any CPU
		{FA7A3379-02DB-4EDB-89DF-E3386169784D}.Release|Any CPU.Build.0 = Release|Any CPU
	EndGlobalSection
	GlobalSection(SolutionProperties) = preSolution
		HideSolutionNode = FALSE
	EndGlobalSection
	GlobalSection(ExtensibilityGlobals) = postSolution
		SolutionGuid = {E49ED729-003B-48CE-815E-91B4AB9C3894}
	EndGlobalSection
EndGlobal
